
Microsoft Visual Studio Solution File, Format Version 12.00
# Visual Studio 2012
Project("{FAE04EC0-301F-11D3-BF4B-00C04F79EFBC}") = "MerchantGuideToGalaxy", "MerchantGuideToGalaxy\MerchantGuideToGalaxy.csproj", "{B6B825A2-6BFC-4EE6-9568-28B6EBFA803B}"
EndProject
Project("{FAE04EC0-301F-11D3-BF4B-00C04F79EFBC}") = "Tests", "Tests\Tests.csproj", "{41A39E55-4CFD-4475-8D9A-B0E0AD5A7649}"
EndProject
Project("{FAE04EC0-301F-11D3-BF4B-00C04F79EFBC}") = "ConsoleApplication", "ConsoleApplication\ConsoleApplication.csproj", "{5826DDCF-FF22-44DC-A446-43DA272C065E}"
EndProject
Global
	GlobalSection(SolutionConfigurationPlatforms) = preSolution
		Debug|Any CPU = Debug|Any CPU
		Release|Any CPU = Release|Any CPU
	EndGlobalSection
	GlobalSection(ProjectConfigurationPlatforms) = postSolution
		{B6B825A2-6BFC-4EE6-9568-28B6EBFA803B}.Debug|Any CPU.ActiveCfg = Debug|Any CPU
		{B6B825A2-6BFC-4EE6-9568-28B6EBFA803B}.Debug|Any CPU.Build.0 = Debug|Any CPU
		{B6B825A2-6BFC-4EE6-9568-28B6EBFA803B}.Release|Any CPU.ActiveCfg = Release|Any CPU
		{B6B825A2-6BFC-4EE6-9568-28B6EBFA803B}.Release|Any CPU.Build.0 = Release|Any CPU
		{41A39E55-4CFD-4475-8D9A-B0E0AD5A7649}.Debug|Any CPU.ActiveCfg = Debug|Any CPU
		{41A39E55-4CFD-4475-8D9A-B0E0AD5A7649}.Debug|Any CPU.Build.0 = Debug|Any CPU
		{41A39E55-4CFD-4475-8D9A-B0E0AD5A7649}.Release|Any CPU.ActiveCfg = Release|Any CPU
		{41A39E55-4CFD-4475-8D9A-B0E0AD5A7649}.Release|Any CPU.Build.0 = Release|Any CPU
		{5826DDCF-FF22-44DC-A446-43DA272C065E}.Debug|Any CPU.ActiveCfg = Debug|Any CPU
		{5826DDCF-FF22-44DC-A446-43DA272C065E}.Debug|Any CPU.Build.0 = Debug|Any CPU
		{5826DDCF-FF22-44DC-A446-43DA272C065E}.Release|Any CPU.ActiveCfg = Release|Any CPU
		{5826DDCF-FF22-44DC-A446-43DA272C065E}.Release|Any CPU.Build.0 = Release|Any CPU
	EndGlobalSection
	GlobalSection(SolutionProperties) = preSolution
		HideSolutionNode = FALSE
	EndGlobalSection
EndGlobal
